// !$*UTF8*$!
{
	archiveVersion = 1;
	classes = {
	};
	objectVersion = 56;
	objects = {

/* Begin PBXBuildFile section */
		CD006CDF2B9270480086AADE /* NoteHead.swift in Sources */ = {isa = PBXBuildFile; fileRef = CD006CDE2B9270480086AADE /* NoteHead.swift */; };
		CD006CE22B9284860086AADE /* StaffLinesView.swift in Sources */ = {isa = PBXBuildFile; fileRef = CD006CE12B9284860086AADE /* StaffLinesView.swift */; };
		CD006CE42B9285B80086AADE /* RenderView.swift in Sources */ = {isa = PBXBuildFile; fileRef = CD006CE32B9285B80086AADE /* RenderView.swift */; };
		CD1957502B8AB77700B1E7B5 /* ListenView.swift in Sources */ = {isa = PBXBuildFile; fileRef = CD19574F2B8AB77700B1E7B5 /* ListenView.swift */; };
		CD1957522B8B3E5200B1E7B5 /* PracticeView.swift in Sources */ = {isa = PBXBuildFile; fileRef = CD1957512B8B3E5200B1E7B5 /* PracticeView.swift */; };
		CD1957542B8B3ED500B1E7B5 /* SearchView.swift in Sources */ = {isa = PBXBuildFile; fileRef = CD1957532B8B3ED500B1E7B5 /* SearchView.swift */; };
		CD19575A2B8CE68400B1E7B5 /* PopupComponent.swift in Sources */ = {isa = PBXBuildFile; fileRef = CD1957592B8CE68400B1E7B5 /* PopupComponent.swift */; };
		CD19575C2B8CEB3C00B1E7B5 /* PopupManager.swift in Sources */ = {isa = PBXBuildFile; fileRef = CD19575B2B8CEB3C00B1E7B5 /* PopupManager.swift */; };
		CD19575E2B8D4C6E00B1E7B5 /* GoalPopup.swift in Sources */ = {isa = PBXBuildFile; fileRef = CD19575D2B8D4C6E00B1E7B5 /* GoalPopup.swift */; };
		CD1F9B6B2B92C1E000186442 /* NoteSymbol.swift in Sources */ = {isa = PBXBuildFile; fileRef = CD1F9B6A2B92C1E000186442 /* NoteSymbol.swift */; };
		CD1F9B6D2B93143000186442 /* NoteFlag.swift in Sources */ = {isa = PBXBuildFile; fileRef = CD1F9B6C2B93143000186442 /* NoteFlag.swift */; };
		CD1F9B722B93352900186442 /* PureSwiftUI in Frameworks */ = {isa = PBXBuildFile; productRef = CD1F9B712B93352900186442 /* PureSwiftUI */; };
		CD1F9B742B9374BC00186442 /* QuarterRest.swift in Sources */ = {isa = PBXBuildFile; fileRef = CD1F9B732B9374BC00186442 /* QuarterRest.swift */; };
		CD1F9B782B93874900186442 /* TrebleClef.swift in Sources */ = {isa = PBXBuildFile; fileRef = CD1F9B772B93874900186442 /* TrebleClef.swift */; };
		CD1F9B7A2B93D11A00186442 /* EighthRest.swift in Sources */ = {isa = PBXBuildFile; fileRef = CD1F9B792B93D11A00186442 /* EighthRest.swift */; };
		CD1F9B7C2B961A0F00186442 /* BassClef.swift in Sources */ = {isa = PBXBuildFile; fileRef = CD1F9B7B2B961A0F00186442 /* BassClef.swift */; };
		CD1F9B7E2B961B0900186442 /* TimeSignature.swift in Sources */ = {isa = PBXBuildFile; fileRef = CD1F9B7D2B961B0800186442 /* TimeSignature.swift */; };
		CD1F9B842B97272400186442 /* One.swift in Sources */ = {isa = PBXBuildFile; fileRef = CD1F9B832B97272400186442 /* One.swift */; };
		CD1F9B862B97273C00186442 /* Two.swift in Sources */ = {isa = PBXBuildFile; fileRef = CD1F9B852B97273C00186442 /* Two.swift */; };
		CD1F9B882B97274500186442 /* Three.swift in Sources */ = {isa = PBXBuildFile; fileRef = CD1F9B872B97274500186442 /* Three.swift */; };
		CD1F9B8A2B97274D00186442 /* Four.swift in Sources */ = {isa = PBXBuildFile; fileRef = CD1F9B892B97274D00186442 /* Four.swift */; };
		CD1F9B8C2B97275600186442 /* Five.swift in Sources */ = {isa = PBXBuildFile; fileRef = CD1F9B8B2B97275600186442 /* Five.swift */; };
		CD1F9B8E2B97276000186442 /* Six.swift in Sources */ = {isa = PBXBuildFile; fileRef = CD1F9B8D2B97276000186442 /* Six.swift */; };
		CD1F9B902B97277300186442 /* Seven.swift in Sources */ = {isa = PBXBuildFile; fileRef = CD1F9B8F2B97277300186442 /* Seven.swift */; };
		CD1F9B922B97277E00186442 /* Eight.swift in Sources */ = {isa = PBXBuildFile; fileRef = CD1F9B912B97277E00186442 /* Eight.swift */; };
		CD1F9B942B97278800186442 /* Nine.swift in Sources */ = {isa = PBXBuildFile; fileRef = CD1F9B932B97278800186442 /* Nine.swift */; };
		CD1F9B962B992BD600186442 /* PlaylistPopup.swift in Sources */ = {isa = PBXBuildFile; fileRef = CD1F9B952B992BD600186442 /* PlaylistPopup.swift */; };
		CD2D1A832BB3241F00B3D33E /* PlaylistOverviewView.swift in Sources */ = {isa = PBXBuildFile; fileRef = CD2D1A822BB3241F00B3D33E /* PlaylistOverviewView.swift */; };
		CD2D1A852BB3390300B3D33E /* ManagePlaylistsView.swift in Sources */ = {isa = PBXBuildFile; fileRef = CD2D1A842BB3390300B3D33E /* ManagePlaylistsView.swift */; };
		CD345B5A2B89DB5600482A37 /* GoalView.swift in Sources */ = {isa = PBXBuildFile; fileRef = CD345B592B89DB5500482A37 /* GoalView.swift */; };
		CD60650E2BAF4ECD00426F3D /* RestOrNoteView.swift in Sources */ = {isa = PBXBuildFile; fileRef = CD60650D2BAF4ECD00426F3D /* RestOrNoteView.swift */; };
		CD6065102BAF4F6500426F3D /* DurationView.swift in Sources */ = {isa = PBXBuildFile; fileRef = CD60650F2BAF4F6500426F3D /* DurationView.swift */; };
		CD6065122BAF500D00426F3D /* PitchView.swift in Sources */ = {isa = PBXBuildFile; fileRef = CD6065112BAF500D00426F3D /* PitchView.swift */; };
		CD6065142BAF50B400426F3D /* BackButton.swift in Sources */ = {isa = PBXBuildFile; fileRef = CD6065132BAF50B400426F3D /* BackButton.swift */; };
		CD6065162BAF526200426F3D /* DialogHeader.swift in Sources */ = {isa = PBXBuildFile; fileRef = CD6065152BAF526200426F3D /* DialogHeader.swift */; };
		CD669D2B2B8F25550074CF1C /* ContentView.swift in Sources */ = {isa = PBXBuildFile; fileRef = CD669D2A2B8F25550074CF1C /* ContentView.swift */; };
		CD80DFCA2BAF58AE00C6F1B2 /* GradientModifier.swift in Sources */ = {isa = PBXBuildFile; fileRef = CD80DFC92BAF58AE00C6F1B2 /* GradientModifier.swift */; };
		CD80DFCE2BAF601C00C6F1B2 /* SubtitledButton.swift in Sources */ = {isa = PBXBuildFile; fileRef = CD80DFCD2BAF601C00C6F1B2 /* SubtitledButton.swift */; };
		CD80DFD02BB1836C00C6F1B2 /* PatternPlaylistViewModel.swift in Sources */ = {isa = PBXBuildFile; fileRef = CD80DFCF2BB1836C00C6F1B2 /* PatternPlaylistViewModel.swift */; };
		CD80DFD62BB187DE00C6F1B2 /* Pattern.swift in Sources */ = {isa = PBXBuildFile; fileRef = CD80DFD52BB187DE00C6F1B2 /* Pattern.swift */; };
		CD80DFD92BB189F300C6F1B2 /* RoundedSidebar.swift in Sources */ = {isa = PBXBuildFile; fileRef = CD80DFD82BB189F300C6F1B2 /* RoundedSidebar.swift */; };
		CD80DFDB2BB18A6100C6F1B2 /* PrimarySidebarElement.swift in Sources */ = {isa = PBXBuildFile; fileRef = CD80DFDA2BB18A6100C6F1B2 /* PrimarySidebarElement.swift */; };
		CD80DFDD2BB18AD500C6F1B2 /* SecondarySidebarElement.swift in Sources */ = {isa = PBXBuildFile; fileRef = CD80DFDC2BB18AD500C6F1B2 /* SecondarySidebarElement.swift */; };
		CD80DFDF2BB1915600C6F1B2 /* PatternPlaylist.swift in Sources */ = {isa = PBXBuildFile; fileRef = CD80DFDE2BB1915600C6F1B2 /* PatternPlaylist.swift */; };
		CD80DFE12BB1973900C6F1B2 /* PlaylistStorage.swift in Sources */ = {isa = PBXBuildFile; fileRef = CD80DFE02BB1973900C6F1B2 /* PlaylistStorage.swift */; };
		CD80DFE32BB19EC300C6F1B2 /* PatternStorage.swift in Sources */ = {isa = PBXBuildFile; fileRef = CD80DFE22BB19EC300C6F1B2 /* PatternStorage.swift */; };
		CD80DFE52BB1EFF300C6F1B2 /* GradientButton.swift in Sources */ = {isa = PBXBuildFile; fileRef = CD80DFE42BB1EFF300C6F1B2 /* GradientButton.swift */; };
		CD85F2642B9C531200D49CFA /* EditPlaylistView.swift in Sources */ = {isa = PBXBuildFile; fileRef = CD85F2632B9C531200D49CFA /* EditPlaylistView.swift */; };
		CD85F2692B9CA6DC00D49CFA /* PracticeViewManager.swift in Sources */ = {isa = PBXBuildFile; fileRef = CD85F2682B9CA6DC00D49CFA /* PracticeViewManager.swift */; };
		CD8A265B2B851795006627BF /* f_sharpApp.swift in Sources */ = {isa = PBXBuildFile; fileRef = CD8A265A2B851795006627BF /* f_sharpApp.swift */; };
		CD8A265F2B851797006627BF /* Assets.xcassets in Resources */ = {isa = PBXBuildFile; fileRef = CD8A265E2B851797006627BF /* Assets.xcassets */; };
		CD8A26622B851797006627BF /* Preview Assets.xcassets in Resources */ = {isa = PBXBuildFile; fileRef = CD8A26612B851797006627BF /* Preview Assets.xcassets */; };
		CD8A266C2B851797006627BF /* f_sharpTests.swift in Sources */ = {isa = PBXBuildFile; fileRef = CD8A266B2B851797006627BF /* f_sharpTests.swift */; };
		CD8A26762B851797006627BF /* f_sharpUITests.swift in Sources */ = {isa = PBXBuildFile; fileRef = CD8A26752B851797006627BF /* f_sharpUITests.swift */; };
		CD8A26782B851797006627BF /* f_sharpUITestsLaunchTests.swift in Sources */ = {isa = PBXBuildFile; fileRef = CD8A26772B851797006627BF /* f_sharpUITestsLaunchTests.swift */; };
		CDB867AE2B9F14B300524696 /* PatternPreviewView.swift in Sources */ = {isa = PBXBuildFile; fileRef = CDB867AD2B9F14B300524696 /* PatternPreviewView.swift */; };
		CDB867B22B9F7FE000524696 /* MusicSymbols.swift in Sources */ = {isa = PBXBuildFile; fileRef = CDB867B12B9F7FE000524696 /* MusicSymbols.swift */; };
		CDB867B42B9F812500524696 /* MusicXMLParser.swift in Sources */ = {isa = PBXBuildFile; fileRef = CDB867B32B9F812500524696 /* MusicXMLParser.swift */; };
		CDCDC9812BA8B87F00BA5F64 /* EditPatternView.swift in Sources */ = {isa = PBXBuildFile; fileRef = CDCDC9802BA8B87E00BA5F64 /* EditPatternView.swift */; };
		CDCDC9832BAE19D700BA5F64 /* RestSymbol.swift in Sources */ = {isa = PBXBuildFile; fileRef = CDCDC9822BAE19D700BA5F64 /* RestSymbol.swift */; };
		CDE6361E2B86C79100D383B0 /* SwiftSVG in Frameworks */ = {isa = PBXBuildFile; productRef = CDE6361D2B86C79100D383B0 /* SwiftSVG */; };
		CDE636202B879CFA00D383B0 /* HomeView.swift in Sources */ = {isa = PBXBuildFile; fileRef = CDE6361F2B879CFA00D383B0 /* HomeView.swift */; };
		CDE636222B879D3600D383B0 /* SettingsView.swift in Sources */ = {isa = PBXBuildFile; fileRef = CDE636212B879D3600D383B0 /* SettingsView.swift */; };
		CDE636242B88094F00D383B0 /* CalendarView.swift in Sources */ = {isa = PBXBuildFile; fileRef = CDE636232B88094F00D383B0 /* CalendarView.swift */; };
/* End PBXBuildFile section */

/* Begin PBXContainerItemProxy section */
		CD8A26682B851797006627BF /* PBXContainerItemProxy */ = {
			isa = PBXContainerItemProxy;
			containerPortal = CD8A264F2B851794006627BF /* Project object */;
			proxyType = 1;
			remoteGlobalIDString = CD8A26562B851795006627BF;
			remoteInfo = f_sharp;
		};
		CD8A26722B851797006627BF /* PBXContainerItemProxy */ = {
			isa = PBXContainerItemProxy;
			containerPortal = CD8A264F2B851794006627BF /* Project object */;
			proxyType = 1;
			remoteGlobalIDString = CD8A26562B851795006627BF;
			remoteInfo = f_sharp;
		};
/* End PBXContainerItemProxy section */

/* Begin PBXFileReference section */
		CD006CDE2B9270480086AADE /* NoteHead.swift */ = {isa = PBXFileReference; lastKnownFileType = sourcecode.swift; path = NoteHead.swift; sourceTree = "<group>"; };
		CD006CE12B9284860086AADE /* StaffLinesView.swift */ = {isa = PBXFileReference; lastKnownFileType = sourcecode.swift; path = StaffLinesView.swift; sourceTree = "<group>"; };
		CD006CE32B9285B80086AADE /* RenderView.swift */ = {isa = PBXFileReference; lastKnownFileType = sourcecode.swift; path = RenderView.swift; sourceTree = "<group>"; };
		CD19574F2B8AB77700B1E7B5 /* ListenView.swift */ = {isa = PBXFileReference; lastKnownFileType = sourcecode.swift; path = ListenView.swift; sourceTree = "<group>"; };
		CD1957512B8B3E5200B1E7B5 /* PracticeView.swift */ = {isa = PBXFileReference; lastKnownFileType = sourcecode.swift; path = PracticeView.swift; sourceTree = "<group>"; };
		CD1957532B8B3ED500B1E7B5 /* SearchView.swift */ = {isa = PBXFileReference; lastKnownFileType = sourcecode.swift; path = SearchView.swift; sourceTree = "<group>"; };
		CD1957592B8CE68400B1E7B5 /* PopupComponent.swift */ = {isa = PBXFileReference; lastKnownFileType = sourcecode.swift; path = PopupComponent.swift; sourceTree = "<group>"; };
		CD19575B2B8CEB3C00B1E7B5 /* PopupManager.swift */ = {isa = PBXFileReference; lastKnownFileType = sourcecode.swift; path = PopupManager.swift; sourceTree = "<group>"; };
		CD19575D2B8D4C6E00B1E7B5 /* GoalPopup.swift */ = {isa = PBXFileReference; lastKnownFileType = sourcecode.swift; path = GoalPopup.swift; sourceTree = "<group>"; };
		CD1F9B6A2B92C1E000186442 /* NoteSymbol.swift */ = {isa = PBXFileReference; lastKnownFileType = sourcecode.swift; path = NoteSymbol.swift; sourceTree = "<group>"; };
		CD1F9B6C2B93143000186442 /* NoteFlag.swift */ = {isa = PBXFileReference; lastKnownFileType = sourcecode.swift; path = NoteFlag.swift; sourceTree = "<group>"; };
		CD1F9B732B9374BC00186442 /* QuarterRest.swift */ = {isa = PBXFileReference; lastKnownFileType = sourcecode.swift; path = QuarterRest.swift; sourceTree = "<group>"; };
		CD1F9B772B93874900186442 /* TrebleClef.swift */ = {isa = PBXFileReference; lastKnownFileType = sourcecode.swift; path = TrebleClef.swift; sourceTree = "<group>"; };
		CD1F9B792B93D11A00186442 /* EighthRest.swift */ = {isa = PBXFileReference; lastKnownFileType = sourcecode.swift; path = EighthRest.swift; sourceTree = "<group>"; };
		CD1F9B7B2B961A0F00186442 /* BassClef.swift */ = {isa = PBXFileReference; lastKnownFileType = sourcecode.swift; path = BassClef.swift; sourceTree = "<group>"; };
		CD1F9B7D2B961B0800186442 /* TimeSignature.swift */ = {isa = PBXFileReference; lastKnownFileType = sourcecode.swift; path = TimeSignature.swift; sourceTree = "<group>"; };
		CD1F9B832B97272400186442 /* One.swift */ = {isa = PBXFileReference; lastKnownFileType = sourcecode.swift; path = One.swift; sourceTree = "<group>"; };
		CD1F9B852B97273C00186442 /* Two.swift */ = {isa = PBXFileReference; lastKnownFileType = sourcecode.swift; path = Two.swift; sourceTree = "<group>"; };
		CD1F9B872B97274500186442 /* Three.swift */ = {isa = PBXFileReference; lastKnownFileType = sourcecode.swift; path = Three.swift; sourceTree = "<group>"; };
		CD1F9B892B97274D00186442 /* Four.swift */ = {isa = PBXFileReference; lastKnownFileType = sourcecode.swift; path = Four.swift; sourceTree = "<group>"; };
		CD1F9B8B2B97275600186442 /* Five.swift */ = {isa = PBXFileReference; lastKnownFileType = sourcecode.swift; path = Five.swift; sourceTree = "<group>"; };
		CD1F9B8D2B97276000186442 /* Six.swift */ = {isa = PBXFileReference; lastKnownFileType = sourcecode.swift; path = Six.swift; sourceTree = "<group>"; };
		CD1F9B8F2B97277300186442 /* Seven.swift */ = {isa = PBXFileReference; lastKnownFileType = sourcecode.swift; path = Seven.swift; sourceTree = "<group>"; };
		CD1F9B912B97277E00186442 /* Eight.swift */ = {isa = PBXFileReference; lastKnownFileType = sourcecode.swift; path = Eight.swift; sourceTree = "<group>"; };
		CD1F9B932B97278800186442 /* Nine.swift */ = {isa = PBXFileReference; lastKnownFileType = sourcecode.swift; path = Nine.swift; sourceTree = "<group>"; };
		CD1F9B952B992BD600186442 /* PlaylistPopup.swift */ = {isa = PBXFileReference; lastKnownFileType = sourcecode.swift; path = PlaylistPopup.swift; sourceTree = "<group>"; };
		CD2D1A822BB3241F00B3D33E /* PlaylistOverviewView.swift */ = {isa = PBXFileReference; lastKnownFileType = sourcecode.swift; path = PlaylistOverviewView.swift; sourceTree = "<group>"; };
		CD2D1A842BB3390300B3D33E /* ManagePlaylistsView.swift */ = {isa = PBXFileReference; lastKnownFileType = sourcecode.swift; path = ManagePlaylistsView.swift; sourceTree = "<group>"; };
		CD345B592B89DB5500482A37 /* GoalView.swift */ = {isa = PBXFileReference; lastKnownFileType = sourcecode.swift; path = GoalView.swift; sourceTree = "<group>"; };
		CD60650D2BAF4ECD00426F3D /* RestOrNoteView.swift */ = {isa = PBXFileReference; lastKnownFileType = sourcecode.swift; path = RestOrNoteView.swift; sourceTree = "<group>"; };
		CD60650F2BAF4F6500426F3D /* DurationView.swift */ = {isa = PBXFileReference; lastKnownFileType = sourcecode.swift; path = DurationView.swift; sourceTree = "<group>"; };
		CD6065112BAF500D00426F3D /* PitchView.swift */ = {isa = PBXFileReference; lastKnownFileType = sourcecode.swift; path = PitchView.swift; sourceTree = "<group>"; };
		CD6065132BAF50B400426F3D /* BackButton.swift */ = {isa = PBXFileReference; lastKnownFileType = sourcecode.swift; path = BackButton.swift; sourceTree = "<group>"; };
		CD6065152BAF526200426F3D /* DialogHeader.swift */ = {isa = PBXFileReference; lastKnownFileType = sourcecode.swift; path = DialogHeader.swift; sourceTree = "<group>"; };
		CD669D2A2B8F25550074CF1C /* ContentView.swift */ = {isa = PBXFileReference; fileEncoding = 4; lastKnownFileType = sourcecode.swift; path = ContentView.swift; sourceTree = "<group>"; };
		CD80DFC92BAF58AE00C6F1B2 /* GradientModifier.swift */ = {isa = PBXFileReference; lastKnownFileType = sourcecode.swift; path = GradientModifier.swift; sourceTree = "<group>"; };
		CD80DFCD2BAF601C00C6F1B2 /* SubtitledButton.swift */ = {isa = PBXFileReference; lastKnownFileType = sourcecode.swift; path = SubtitledButton.swift; sourceTree = "<group>"; };
		CD80DFCF2BB1836C00C6F1B2 /* PatternPlaylistViewModel.swift */ = {isa = PBXFileReference; lastKnownFileType = sourcecode.swift; path = PatternPlaylistViewModel.swift; sourceTree = "<group>"; };
		CD80DFD52BB187DE00C6F1B2 /* Pattern.swift */ = {isa = PBXFileReference; lastKnownFileType = sourcecode.swift; path = Pattern.swift; sourceTree = "<group>"; };
		CD80DFD82BB189F300C6F1B2 /* RoundedSidebar.swift */ = {isa = PBXFileReference; lastKnownFileType = sourcecode.swift; path = RoundedSidebar.swift; sourceTree = "<group>"; };
		CD80DFDA2BB18A6100C6F1B2 /* PrimarySidebarElement.swift */ = {isa = PBXFileReference; lastKnownFileType = sourcecode.swift; path = PrimarySidebarElement.swift; sourceTree = "<group>"; };
		CD80DFDC2BB18AD500C6F1B2 /* SecondarySidebarElement.swift */ = {isa = PBXFileReference; lastKnownFileType = sourcecode.swift; path = SecondarySidebarElement.swift; sourceTree = "<group>"; };
		CD80DFDE2BB1915600C6F1B2 /* PatternPlaylist.swift */ = {isa = PBXFileReference; lastKnownFileType = sourcecode.swift; path = PatternPlaylist.swift; sourceTree = "<group>"; };
		CD80DFE02BB1973900C6F1B2 /* PlaylistStorage.swift */ = {isa = PBXFileReference; lastKnownFileType = sourcecode.swift; path = PlaylistStorage.swift; sourceTree = "<group>"; };
		CD80DFE22BB19EC300C6F1B2 /* PatternStorage.swift */ = {isa = PBXFileReference; lastKnownFileType = sourcecode.swift; path = PatternStorage.swift; sourceTree = "<group>"; };
		CD80DFE42BB1EFF300C6F1B2 /* GradientButton.swift */ = {isa = PBXFileReference; lastKnownFileType = sourcecode.swift; path = GradientButton.swift; sourceTree = "<group>"; };
		CD85F2632B9C531200D49CFA /* EditPlaylistView.swift */ = {isa = PBXFileReference; lastKnownFileType = sourcecode.swift; path = EditPlaylistView.swift; sourceTree = "<group>"; };
		CD85F2682B9CA6DC00D49CFA /* PracticeViewManager.swift */ = {isa = PBXFileReference; lastKnownFileType = sourcecode.swift; path = PracticeViewManager.swift; sourceTree = "<group>"; };
		CD8A26572B851795006627BF /* f_sharp.app */ = {isa = PBXFileReference; explicitFileType = wrapper.application; includeInIndex = 0; path = f_sharp.app; sourceTree = BUILT_PRODUCTS_DIR; };
		CD8A265A2B851795006627BF /* f_sharpApp.swift */ = {isa = PBXFileReference; lastKnownFileType = sourcecode.swift; path = f_sharpApp.swift; sourceTree = "<group>"; };
		CD8A265E2B851797006627BF /* Assets.xcassets */ = {isa = PBXFileReference; lastKnownFileType = folder.assetcatalog; path = Assets.xcassets; sourceTree = "<group>"; };
		CD8A26612B851797006627BF /* Preview Assets.xcassets */ = {isa = PBXFileReference; lastKnownFileType = folder.assetcatalog; path = "Preview Assets.xcassets"; sourceTree = "<group>"; };
		CD8A26672B851797006627BF /* f_sharpTests.xctest */ = {isa = PBXFileReference; explicitFileType = wrapper.cfbundle; includeInIndex = 0; path = f_sharpTests.xctest; sourceTree = BUILT_PRODUCTS_DIR; };
		CD8A266B2B851797006627BF /* f_sharpTests.swift */ = {isa = PBXFileReference; lastKnownFileType = sourcecode.swift; path = f_sharpTests.swift; sourceTree = "<group>"; };
		CD8A26712B851797006627BF /* f_sharpUITests.xctest */ = {isa = PBXFileReference; explicitFileType = wrapper.cfbundle; includeInIndex = 0; path = f_sharpUITests.xctest; sourceTree = BUILT_PRODUCTS_DIR; };
		CD8A26752B851797006627BF /* f_sharpUITests.swift */ = {isa = PBXFileReference; lastKnownFileType = sourcecode.swift; path = f_sharpUITests.swift; sourceTree = "<group>"; };
		CD8A26772B851797006627BF /* f_sharpUITestsLaunchTests.swift */ = {isa = PBXFileReference; lastKnownFileType = sourcecode.swift; path = f_sharpUITestsLaunchTests.swift; sourceTree = "<group>"; };
		CDB867AD2B9F14B300524696 /* PatternPreviewView.swift */ = {isa = PBXFileReference; lastKnownFileType = sourcecode.swift; path = PatternPreviewView.swift; sourceTree = "<group>"; };
		CDB867B12B9F7FE000524696 /* MusicSymbols.swift */ = {isa = PBXFileReference; lastKnownFileType = sourcecode.swift; path = MusicSymbols.swift; sourceTree = "<group>"; };
		CDB867B32B9F812500524696 /* MusicXMLParser.swift */ = {isa = PBXFileReference; lastKnownFileType = sourcecode.swift; path = MusicXMLParser.swift; sourceTree = "<group>"; };
		CDCDC9802BA8B87E00BA5F64 /* EditPatternView.swift */ = {isa = PBXFileReference; lastKnownFileType = sourcecode.swift; path = EditPatternView.swift; sourceTree = "<group>"; };
		CDCDC9822BAE19D700BA5F64 /* RestSymbol.swift */ = {isa = PBXFileReference; lastKnownFileType = sourcecode.swift; path = RestSymbol.swift; sourceTree = "<group>"; };
		CDE6361F2B879CFA00D383B0 /* HomeView.swift */ = {isa = PBXFileReference; lastKnownFileType = sourcecode.swift; path = HomeView.swift; sourceTree = "<group>"; };
		CDE636212B879D3600D383B0 /* SettingsView.swift */ = {isa = PBXFileReference; lastKnownFileType = sourcecode.swift; path = SettingsView.swift; sourceTree = "<group>"; };
		CDE636232B88094F00D383B0 /* CalendarView.swift */ = {isa = PBXFileReference; lastKnownFileType = sourcecode.swift; path = CalendarView.swift; sourceTree = "<group>"; };
/* End PBXFileReference section */

/* Begin PBXFrameworksBuildPhase section */
		CD8A26542B851795006627BF /* Frameworks */ = {
			isa = PBXFrameworksBuildPhase;
			buildActionMask = 2147483647;
			files = (
				CD1F9B722B93352900186442 /* PureSwiftUI in Frameworks */,
				CDE6361E2B86C79100D383B0 /* SwiftSVG in Frameworks */,
			);
			runOnlyForDeploymentPostprocessing = 0;
		};
		CD8A26642B851797006627BF /* Frameworks */ = {
			isa = PBXFrameworksBuildPhase;
			buildActionMask = 2147483647;
			files = (
			);
			runOnlyForDeploymentPostprocessing = 0;
		};
		CD8A266E2B851797006627BF /* Frameworks */ = {
			isa = PBXFrameworksBuildPhase;
			buildActionMask = 2147483647;
			files = (
			);
			runOnlyForDeploymentPostprocessing = 0;
		};
/* End PBXFrameworksBuildPhase section */

/* Begin PBXGroup section */
		CD006CE02B9282BA0086AADE /* MusicRenderer */ = {
			isa = PBXGroup;
			children = (
				CDB867AF2B9F7D8300524696 /* Models */,
				CD1F9B822B961BAB00186442 /* Rests */,
				CD1F9B812B961B5F00186442 /* Clefs */,
				CD1F9B802B961B5100186442 /* TimeSignatures */,
				CD1F9B7F2B961B1800186442 /* Notes */,
				CD006CE12B9284860086AADE /* StaffLinesView.swift */,
				CD006CE32B9285B80086AADE /* RenderView.swift */,
			);
			path = MusicRenderer;
			sourceTree = "<group>";
		};
		CD1F9B7F2B961B1800186442 /* Notes */ = {
			isa = PBXGroup;
			children = (
				CD1F9B6A2B92C1E000186442 /* NoteSymbol.swift */,
				CD1F9B6C2B93143000186442 /* NoteFlag.swift */,
				CD006CDE2B9270480086AADE /* NoteHead.swift */,
			);
			path = Notes;
			sourceTree = "<group>";
		};
		CD1F9B802B961B5100186442 /* TimeSignatures */ = {
			isa = PBXGroup;
			children = (
				CD1F9B7D2B961B0800186442 /* TimeSignature.swift */,
				CD1F9B832B97272400186442 /* One.swift */,
				CD1F9B852B97273C00186442 /* Two.swift */,
				CD1F9B872B97274500186442 /* Three.swift */,
				CD1F9B892B97274D00186442 /* Four.swift */,
				CD1F9B8B2B97275600186442 /* Five.swift */,
				CD1F9B8D2B97276000186442 /* Six.swift */,
				CD1F9B8F2B97277300186442 /* Seven.swift */,
				CD1F9B912B97277E00186442 /* Eight.swift */,
				CD1F9B932B97278800186442 /* Nine.swift */,
			);
			path = TimeSignatures;
			sourceTree = "<group>";
		};
		CD1F9B812B961B5F00186442 /* Clefs */ = {
			isa = PBXGroup;
			children = (
				CD1F9B772B93874900186442 /* TrebleClef.swift */,
				CD1F9B7B2B961A0F00186442 /* BassClef.swift */,
			);
			path = Clefs;
			sourceTree = "<group>";
		};
		CD1F9B822B961BAB00186442 /* Rests */ = {
			isa = PBXGroup;
			children = (
				CD1F9B732B9374BC00186442 /* QuarterRest.swift */,
				CD1F9B792B93D11A00186442 /* EighthRest.swift */,
				CDCDC9822BAE19D700BA5F64 /* RestSymbol.swift */,
			);
			path = Rests;
			sourceTree = "<group>";
		};
		CD80DFCB2BAF58B900C6F1B2 /* Modifiers */ = {
			isa = PBXGroup;
			children = (
				CD80DFC92BAF58AE00C6F1B2 /* GradientModifier.swift */,
			);
			path = Modifiers;
			sourceTree = "<group>";
		};
		CD80DFCC2BAF5FFD00C6F1B2 /* Buttons */ = {
			isa = PBXGroup;
			children = (
				CD6065132BAF50B400426F3D /* BackButton.swift */,
				CD80DFCD2BAF601C00C6F1B2 /* SubtitledButton.swift */,
				CD80DFE42BB1EFF300C6F1B2 /* GradientButton.swift */,
			);
			path = Buttons;
			sourceTree = "<group>";
		};
		CD80DFD42BB187C400C6F1B2 /* Model */ = {
			isa = PBXGroup;
			children = (
				CD80DFD52BB187DE00C6F1B2 /* Pattern.swift */,
				CD80DFDE2BB1915600C6F1B2 /* PatternPlaylist.swift */,
			);
			path = Model;
			sourceTree = "<group>";
		};
		CD80DFD72BB1894400C6F1B2 /* Sidebar */ = {
			isa = PBXGroup;
			children = (
				CD80DFD82BB189F300C6F1B2 /* RoundedSidebar.swift */,
				CD80DFDA2BB18A6100C6F1B2 /* PrimarySidebarElement.swift */,
				CD80DFDC2BB18AD500C6F1B2 /* SecondarySidebarElement.swift */,
			);
			path = Sidebar;
			sourceTree = "<group>";
		};
		CD8A264E2B851794006627BF = {
			isa = PBXGroup;
			children = (
				CD8A26592B851795006627BF /* f_sharp */,
				CD8A266A2B851797006627BF /* f_sharpTests */,
				CD8A26742B851797006627BF /* f_sharpUITests */,
				CD8A26582B851795006627BF /* Products */,
			);
			sourceTree = "<group>";
		};
		CD8A26582B851795006627BF /* Products */ = {
			isa = PBXGroup;
			children = (
				CD8A26572B851795006627BF /* f_sharp.app */,
				CD8A26672B851797006627BF /* f_sharpTests.xctest */,
				CD8A26712B851797006627BF /* f_sharpUITests.xctest */,
			);
			name = Products;
			sourceTree = "<group>";
		};
		CD8A26592B851795006627BF /* f_sharp */ = {
			isa = PBXGroup;
			children = (
				CDCDC9922BAE424A00BA5F64 /* App */,
				CDCDC9912BAE41DB00BA5F64 /* Resources */,
				CDCDC98E2BAE41AC00BA5F64 /* CommonUI */,
				CDCDC9892BAE415B00BA5F64 /* Core */,
				CDCDC9842BAE406500BA5F64 /* Features */,
				CDCDC9942BAED70100BA5F64 /* Shared */,
				CD8A26602B851797006627BF /* Preview Content */,
			);
			path = f_sharp;
			sourceTree = "<group>";
		};
		CD8A26602B851797006627BF /* Preview Content */ = {
			isa = PBXGroup;
			children = (
				CD8A26612B851797006627BF /* Preview Assets.xcassets */,
			);
			path = "Preview Content";
			sourceTree = "<group>";
		};
		CD8A266A2B851797006627BF /* f_sharpTests */ = {
			isa = PBXGroup;
			children = (
				CD8A266B2B851797006627BF /* f_sharpTests.swift */,
			);
			path = f_sharpTests;
			sourceTree = "<group>";
		};
		CD8A26742B851797006627BF /* f_sharpUITests */ = {
			isa = PBXGroup;
			children = (
				CD8A26752B851797006627BF /* f_sharpUITests.swift */,
				CD8A26772B851797006627BF /* f_sharpUITestsLaunchTests.swift */,
			);
			path = f_sharpUITests;
			sourceTree = "<group>";
		};
		CDB867AF2B9F7D8300524696 /* Models */ = {
			isa = PBXGroup;
			children = (
				CDB867B12B9F7FE000524696 /* MusicSymbols.swift */,
				CDB867B32B9F812500524696 /* MusicXMLParser.swift */,
			);
			path = Models;
			sourceTree = "<group>";
		};
		CDCDC9842BAE406500BA5F64 /* Features */ = {
			isa = PBXGroup;
			children = (
				CDCDC9952BAED7A500BA5F64 /* Calendar */,
				CDCDC9932BAE435700BA5F64 /* GoalTracker */,
				CD006CE02B9282BA0086AADE /* MusicRenderer */,
				CDCDC9872BAE409300BA5F64 /* PatternViewer */,
				CDCDC9862BAE407B00BA5F64 /* PatternPlaylists */,
				CDCDC9852BAE406F00BA5F64 /* PatternEditor */,
			);
			path = Features;
			sourceTree = "<group>";
		};
		CDCDC9852BAE406F00BA5F64 /* PatternEditor */ = {
			isa = PBXGroup;
			children = (
				CDCDC9802BA8B87E00BA5F64 /* EditPatternView.swift */,
				CD60650D2BAF4ECD00426F3D /* RestOrNoteView.swift */,
				CD60650F2BAF4F6500426F3D /* DurationView.swift */,
				CD6065112BAF500D00426F3D /* PitchView.swift */,
			);
			path = PatternEditor;
			sourceTree = "<group>";
		};
		CDCDC9862BAE407B00BA5F64 /* PatternPlaylists */ = {
			isa = PBXGroup;
			children = (
				CDB867AD2B9F14B300524696 /* PatternPreviewView.swift */,
				CD1F9B952B992BD600186442 /* PlaylistPopup.swift */,
				CD85F2632B9C531200D49CFA /* EditPlaylistView.swift */,
				CD80DFCF2BB1836C00C6F1B2 /* PatternPlaylistViewModel.swift */,
				CD2D1A822BB3241F00B3D33E /* PlaylistOverviewView.swift */,
				CD2D1A842BB3390300B3D33E /* ManagePlaylistsView.swift */,
			);
			path = PatternPlaylists;
			sourceTree = "<group>";
		};
		CDCDC9872BAE409300BA5F64 /* PatternViewer */ = {
			isa = PBXGroup;
			children = (
			);
			path = PatternViewer;
			sourceTree = "<group>";
		};
		CDCDC9892BAE415B00BA5F64 /* Core */ = {
			isa = PBXGroup;
			children = (
				CDCDC98D2BAE419400BA5F64 /* Persistence */,
				CDCDC98A2BAE416600BA5F64 /* Networking */,
			);
			path = Core;
			sourceTree = "<group>";
		};
		CDCDC98A2BAE416600BA5F64 /* Networking */ = {
			isa = PBXGroup;
			children = (
				CDCDC98C2BAE418700BA5F64 /* Models */,
				CDCDC98B2BAE417100BA5F64 /* APIs */,
			);
			path = Networking;
			sourceTree = "<group>";
		};
		CDCDC98B2BAE417100BA5F64 /* APIs */ = {
			isa = PBXGroup;
			children = (
			);
			path = APIs;
			sourceTree = "<group>";
		};
		CDCDC98C2BAE418700BA5F64 /* Models */ = {
			isa = PBXGroup;
			children = (
			);
			path = Models;
			sourceTree = "<group>";
		};
		CDCDC98D2BAE419400BA5F64 /* Persistence */ = {
			isa = PBXGroup;
			children = (
				CD80DFE02BB1973900C6F1B2 /* PlaylistStorage.swift */,
				CD80DFE22BB19EC300C6F1B2 /* PatternStorage.swift */,
			);
			path = Persistence;
			sourceTree = "<group>";
		};
		CDCDC98E2BAE41AC00BA5F64 /* CommonUI */ = {
			isa = PBXGroup;
			children = (
				CDCDC9902BAE41C500BA5F64 /* Themes */,
				CDCDC98F2BAE41BE00BA5F64 /* Components */,
			);
			path = CommonUI;
			sourceTree = "<group>";
		};
		CDCDC98F2BAE41BE00BA5F64 /* Components */ = {
			isa = PBXGroup;
			children = (
				CD80DFD72BB1894400C6F1B2 /* Sidebar */,
				CD80DFCC2BAF5FFD00C6F1B2 /* Buttons */,
				CD80DFCB2BAF58B900C6F1B2 /* Modifiers */,
				CD1957592B8CE68400B1E7B5 /* PopupComponent.swift */,
				CD6065152BAF526200426F3D /* DialogHeader.swift */,
			);
			path = Components;
			sourceTree = "<group>";
		};
		CDCDC9902BAE41C500BA5F64 /* Themes */ = {
			isa = PBXGroup;
			children = (
			);
			path = Themes;
			sourceTree = "<group>";
		};
		CDCDC9912BAE41DB00BA5F64 /* Resources */ = {
			isa = PBXGroup;
			children = (
				CD8A265E2B851797006627BF /* Assets.xcassets */,
			);
			path = Resources;
			sourceTree = "<group>";
		};
		CDCDC9922BAE424A00BA5F64 /* App */ = {
			isa = PBXGroup;
			children = (
				CD8A265A2B851795006627BF /* f_sharpApp.swift */,
				CD669D2A2B8F25550074CF1C /* ContentView.swift */,
				CDE6361F2B879CFA00D383B0 /* HomeView.swift */,
				CD1957512B8B3E5200B1E7B5 /* PracticeView.swift */,
				CD19574F2B8AB77700B1E7B5 /* ListenView.swift */,
				CD1957532B8B3ED500B1E7B5 /* SearchView.swift */,
				CDE636212B879D3600D383B0 /* SettingsView.swift */,
			);
			path = App;
			sourceTree = "<group>";
		};
		CDCDC9932BAE435700BA5F64 /* GoalTracker */ = {
			isa = PBXGroup;
			children = (
				CD345B592B89DB5500482A37 /* GoalView.swift */,
				CD19575D2B8D4C6E00B1E7B5 /* GoalPopup.swift */,
			);
			path = GoalTracker;
			sourceTree = "<group>";
		};
		CDCDC9942BAED70100BA5F64 /* Shared */ = {
			isa = PBXGroup;
			children = (
				CD80DFD42BB187C400C6F1B2 /* Model */,
				CD19575B2B8CEB3C00B1E7B5 /* PopupManager.swift */,
				CD85F2682B9CA6DC00D49CFA /* PracticeViewManager.swift */,
			);
			path = Shared;
			sourceTree = "<group>";
		};
		CDCDC9952BAED7A500BA5F64 /* Calendar */ = {
			isa = PBXGroup;
			children = (
				CDE636232B88094F00D383B0 /* CalendarView.swift */,
			);
			path = Calendar;
			sourceTree = "<group>";
		};
/* End PBXGroup section */

/* Begin PBXNativeTarget section */
		CD8A26562B851795006627BF /* f_sharp */ = {
			isa = PBXNativeTarget;
			buildConfigurationList = CD8A267B2B851797006627BF /* Build configuration list for PBXNativeTarget "f_sharp" */;
			buildPhases = (
				CD8A26532B851795006627BF /* Sources */,
				CD8A26542B851795006627BF /* Frameworks */,
				CD8A26552B851795006627BF /* Resources */,
			);
			buildRules = (
			);
			dependencies = (
			);
			name = f_sharp;
			packageProductDependencies = (
				CDE6361D2B86C79100D383B0 /* SwiftSVG */,
				CD1F9B712B93352900186442 /* PureSwiftUI */,
			);
			productName = f_sharp;
			productReference = CD8A26572B851795006627BF /* f_sharp.app */;
			productType = "com.apple.product-type.application";
		};
		CD8A26662B851797006627BF /* f_sharpTests */ = {
			isa = PBXNativeTarget;
			buildConfigurationList = CD8A267E2B851797006627BF /* Build configuration list for PBXNativeTarget "f_sharpTests" */;
			buildPhases = (
				CD8A26632B851797006627BF /* Sources */,
				CD8A26642B851797006627BF /* Frameworks */,
				CD8A26652B851797006627BF /* Resources */,
			);
			buildRules = (
			);
			dependencies = (
				CD8A26692B851797006627BF /* PBXTargetDependency */,
			);
			name = f_sharpTests;
			productName = f_sharpTests;
			productReference = CD8A26672B851797006627BF /* f_sharpTests.xctest */;
			productType = "com.apple.product-type.bundle.unit-test";
		};
		CD8A26702B851797006627BF /* f_sharpUITests */ = {
			isa = PBXNativeTarget;
			buildConfigurationList = CD8A26812B851797006627BF /* Build configuration list for PBXNativeTarget "f_sharpUITests" */;
			buildPhases = (
				CD8A266D2B851797006627BF /* Sources */,
				CD8A266E2B851797006627BF /* Frameworks */,
				CD8A266F2B851797006627BF /* Resources */,
			);
			buildRules = (
			);
			dependencies = (
				CD8A26732B851797006627BF /* PBXTargetDependency */,
			);
			name = f_sharpUITests;
			productName = f_sharpUITests;
			productReference = CD8A26712B851797006627BF /* f_sharpUITests.xctest */;
			productType = "com.apple.product-type.bundle.ui-testing";
		};
/* End PBXNativeTarget section */

/* Begin PBXProject section */
		CD8A264F2B851794006627BF /* Project object */ = {
			isa = PBXProject;
			attributes = {
				BuildIndependentTargetsInParallel = 1;
				LastSwiftUpdateCheck = 1520;
				LastUpgradeCheck = 1520;
				TargetAttributes = {
					CD8A26562B851795006627BF = {
						CreatedOnToolsVersion = 15.2;
					};
					CD8A26662B851797006627BF = {
						CreatedOnToolsVersion = 15.2;
						TestTargetID = CD8A26562B851795006627BF;
					};
					CD8A26702B851797006627BF = {
						CreatedOnToolsVersion = 15.2;
						TestTargetID = CD8A26562B851795006627BF;
					};
				};
			};
			buildConfigurationList = CD8A26522B851794006627BF /* Build configuration list for PBXProject "f_sharp" */;
			compatibilityVersion = "Xcode 14.0";
			developmentRegion = en;
			hasScannedForEncodings = 0;
			knownRegions = (
				en,
				Base,
			);
			mainGroup = CD8A264E2B851794006627BF;
			packageReferences = (
				CDE6361C2B86C79100D383B0 /* XCRemoteSwiftPackageReference "SwiftSVG" */,
				CD1F9B702B93352900186442 /* XCRemoteSwiftPackageReference "pure-swift-ui" */,
			);
			productRefGroup = CD8A26582B851795006627BF /* Products */;
			projectDirPath = "";
			projectRoot = "";
			targets = (
				CD8A26562B851795006627BF /* f_sharp */,
				CD8A26662B851797006627BF /* f_sharpTests */,
				CD8A26702B851797006627BF /* f_sharpUITests */,
			);
		};
/* End PBXProject section */

/* Begin PBXResourcesBuildPhase section */
		CD8A26552B851795006627BF /* Resources */ = {
			isa = PBXResourcesBuildPhase;
			buildActionMask = 2147483647;
			files = (
				CD8A26622B851797006627BF /* Preview Assets.xcassets in Resources */,
				CD8A265F2B851797006627BF /* Assets.xcassets in Resources */,
			);
			runOnlyForDeploymentPostprocessing = 0;
		};
		CD8A26652B851797006627BF /* Resources */ = {
			isa = PBXResourcesBuildPhase;
			buildActionMask = 2147483647;
			files = (
			);
			runOnlyForDeploymentPostprocessing = 0;
		};
		CD8A266F2B851797006627BF /* Resources */ = {
			isa = PBXResourcesBuildPhase;
			buildActionMask = 2147483647;
			files = (
			);
			runOnlyForDeploymentPostprocessing = 0;
		};
/* End PBXResourcesBuildPhase section */

/* Begin PBXSourcesBuildPhase section */
		CD8A26532B851795006627BF /* Sources */ = {
			isa = PBXSourcesBuildPhase;
			buildActionMask = 2147483647;
			files = (
				CD1957542B8B3ED500B1E7B5 /* SearchView.swift in Sources */,
				CD2D1A832BB3241F00B3D33E /* PlaylistOverviewView.swift in Sources */,
				CDB867B42B9F812500524696 /* MusicXMLParser.swift in Sources */,
				CD1F9B8A2B97274D00186442 /* Four.swift in Sources */,
				CDE636222B879D3600D383B0 /* SettingsView.swift in Sources */,
				CD669D2B2B8F25550074CF1C /* ContentView.swift in Sources */,
				CD1F9B842B97272400186442 /* One.swift in Sources */,
				CD80DFDB2BB18A6100C6F1B2 /* PrimarySidebarElement.swift in Sources */,
				CD2D1A852BB3390300B3D33E /* ManagePlaylistsView.swift in Sources */,
				CD85F2692B9CA6DC00D49CFA /* PracticeViewManager.swift in Sources */,
				CDE636242B88094F00D383B0 /* CalendarView.swift in Sources */,
				CD006CE42B9285B80086AADE /* RenderView.swift in Sources */,
				CD80DFE32BB19EC300C6F1B2 /* PatternStorage.swift in Sources */,
				CD1F9B862B97273C00186442 /* Two.swift in Sources */,
				CD80DFD92BB189F300C6F1B2 /* RoundedSidebar.swift in Sources */,
				CD1F9B6B2B92C1E000186442 /* NoteSymbol.swift in Sources */,
				CDE636202B879CFA00D383B0 /* HomeView.swift in Sources */,
				CD80DFE52BB1EFF300C6F1B2 /* GradientButton.swift in Sources */,
				CD1F9B7A2B93D11A00186442 /* EighthRest.swift in Sources */,
				CD19575A2B8CE68400B1E7B5 /* PopupComponent.swift in Sources */,
				CD80DFDD2BB18AD500C6F1B2 /* SecondarySidebarElement.swift in Sources */,
				CD1F9B882B97274500186442 /* Three.swift in Sources */,
				CD80DFE12BB1973900C6F1B2 /* PlaylistStorage.swift in Sources */,
				CDCDC9812BA8B87F00BA5F64 /* EditPatternView.swift in Sources */,
				CD6065102BAF4F6500426F3D /* DurationView.swift in Sources */,
				CDB867AE2B9F14B300524696 /* PatternPreviewView.swift in Sources */,
				CD6065142BAF50B400426F3D /* BackButton.swift in Sources */,
				CD80DFD62BB187DE00C6F1B2 /* Pattern.swift in Sources */,
				CD8A265B2B851795006627BF /* f_sharpApp.swift in Sources */,
				CDB867B22B9F7FE000524696 /* MusicSymbols.swift in Sources */,
				CD80DFD02BB1836C00C6F1B2 /* PatternPlaylistViewModel.swift in Sources */,
				CD80DFCA2BAF58AE00C6F1B2 /* GradientModifier.swift in Sources */,
				CD1F9B7C2B961A0F00186442 /* BassClef.swift in Sources */,
				CD1F9B782B93874900186442 /* TrebleClef.swift in Sources */,
				CD1F9B902B97277300186442 /* Seven.swift in Sources */,
				CD19575C2B8CEB3C00B1E7B5 /* PopupManager.swift in Sources */,
				CD1F9B6D2B93143000186442 /* NoteFlag.swift in Sources */,
				CD1F9B8C2B97275600186442 /* Five.swift in Sources */,
				CD1F9B8E2B97276000186442 /* Six.swift in Sources */,
				CD1957502B8AB77700B1E7B5 /* ListenView.swift in Sources */,
				CD1F9B922B97277E00186442 /* Eight.swift in Sources */,
				CD6065162BAF526200426F3D /* DialogHeader.swift in Sources */,
				CD006CE22B9284860086AADE /* StaffLinesView.swift in Sources */,
				CDCDC9832BAE19D700BA5F64 /* RestSymbol.swift in Sources */,
				CD1F9B942B97278800186442 /* Nine.swift in Sources */,
				CD60650E2BAF4ECD00426F3D /* RestOrNoteView.swift in Sources */,
				CD1F9B962B992BD600186442 /* PlaylistPopup.swift in Sources */,
				CD80DFCE2BAF601C00C6F1B2 /* SubtitledButton.swift in Sources */,
				CD1F9B742B9374BC00186442 /* QuarterRest.swift in Sources */,
				CD80DFDF2BB1915600C6F1B2 /* PatternPlaylist.swift in Sources */,
				CD6065122BAF500D00426F3D /* PitchView.swift in Sources */,
				CD345B5A2B89DB5600482A37 /* GoalView.swift in Sources */,
				CD1957522B8B3E5200B1E7B5 /* PracticeView.swift in Sources */,
				CD85F2642B9C531200D49CFA /* EditPlaylistView.swift in Sources */,
				CD1F9B7E2B961B0900186442 /* TimeSignature.swift in Sources */,
				CD19575E2B8D4C6E00B1E7B5 /* GoalPopup.swift in Sources */,
				CD006CDF2B9270480086AADE /* NoteHead.swift in Sources */,
			);
			runOnlyForDeploymentPostprocessing = 0;
		};
		CD8A26632B851797006627BF /* Sources */ = {
			isa = PBXSourcesBuildPhase;
			buildActionMask = 2147483647;
			files = (
				CD8A266C2B851797006627BF /* f_sharpTests.swift in Sources */,
			);
			runOnlyForDeploymentPostprocessing = 0;
		};
		CD8A266D2B851797006627BF /* Sources */ = {
			isa = PBXSourcesBuildPhase;
			buildActionMask = 2147483647;
			files = (
				CD8A26782B851797006627BF /* f_sharpUITestsLaunchTests.swift in Sources */,
				CD8A26762B851797006627BF /* f_sharpUITests.swift in Sources */,
			);
			runOnlyForDeploymentPostprocessing = 0;
		};
/* End PBXSourcesBuildPhase section */

/* Begin PBXTargetDependency section */
		CD8A26692B851797006627BF /* PBXTargetDependency */ = {
			isa = PBXTargetDependency;
			target = CD8A26562B851795006627BF /* f_sharp */;
			targetProxy = CD8A26682B851797006627BF /* PBXContainerItemProxy */;
		};
		CD8A26732B851797006627BF /* PBXTargetDependency */ = {
			isa = PBXTargetDependency;
			target = CD8A26562B851795006627BF /* f_sharp */;
			targetProxy = CD8A26722B851797006627BF /* PBXContainerItemProxy */;
		};
/* End PBXTargetDependency section */

/* Begin XCBuildConfiguration section */
		CD8A26792B851797006627BF /* Debug */ = {
			isa = XCBuildConfiguration;
			buildSettings = {
				ALWAYS_SEARCH_USER_PATHS = NO;
				ASSETCATALOG_COMPILER_GENERATE_SWIFT_ASSET_SYMBOL_EXTENSIONS = YES;
				CLANG_ANALYZER_NONNULL = YES;
				CLANG_ANALYZER_NUMBER_OBJECT_CONVERSION = YES_AGGRESSIVE;
				CLANG_CXX_LANGUAGE_STANDARD = "gnu++20";
				CLANG_ENABLE_MODULES = YES;
				CLANG_ENABLE_OBJC_ARC = YES;
				CLANG_ENABLE_OBJC_WEAK = YES;
				CLANG_WARN_BLOCK_CAPTURE_AUTORELEASING = YES;
				CLANG_WARN_BOOL_CONVERSION = YES;
				CLANG_WARN_COMMA = YES;
				CLANG_WARN_CONSTANT_CONVERSION = YES;
				CLANG_WARN_DEPRECATED_OBJC_IMPLEMENTATIONS = YES;
				CLANG_WARN_DIRECT_OBJC_ISA_USAGE = YES_ERROR;
				CLANG_WARN_DOCUMENTATION_COMMENTS = YES;
				CLANG_WARN_EMPTY_BODY = YES;
				CLANG_WARN_ENUM_CONVERSION = YES;
				CLANG_WARN_INFINITE_RECURSION = YES;
				CLANG_WARN_INT_CONVERSION = YES;
				CLANG_WARN_NON_LITERAL_NULL_CONVERSION = YES;
				CLANG_WARN_OBJC_IMPLICIT_RETAIN_SELF = YES;
				CLANG_WARN_OBJC_LITERAL_CONVERSION = YES;
				CLANG_WARN_OBJC_ROOT_CLASS = YES_ERROR;
				CLANG_WARN_QUOTED_INCLUDE_IN_FRAMEWORK_HEADER = YES;
				CLANG_WARN_RANGE_LOOP_ANALYSIS = YES;
				CLANG_WARN_STRICT_PROTOTYPES = YES;
				CLANG_WARN_SUSPICIOUS_MOVE = YES;
				CLANG_WARN_UNGUARDED_AVAILABILITY = YES_AGGRESSIVE;
				CLANG_WARN_UNREACHABLE_CODE = YES;
				CLANG_WARN__DUPLICATE_METHOD_MATCH = YES;
				COPY_PHASE_STRIP = NO;
				DEBUG_INFORMATION_FORMAT = dwarf;
				ENABLE_STRICT_OBJC_MSGSEND = YES;
				ENABLE_TESTABILITY = YES;
				ENABLE_USER_SCRIPT_SANDBOXING = YES;
				GCC_C_LANGUAGE_STANDARD = gnu17;
				GCC_DYNAMIC_NO_PIC = NO;
				GCC_NO_COMMON_BLOCKS = YES;
				GCC_OPTIMIZATION_LEVEL = 0;
				GCC_PREPROCESSOR_DEFINITIONS = (
					"DEBUG=1",
					"$(inherited)",
				);
				GCC_WARN_64_TO_32_BIT_CONVERSION = YES;
				GCC_WARN_ABOUT_RETURN_TYPE = YES_ERROR;
				GCC_WARN_UNDECLARED_SELECTOR = YES;
				GCC_WARN_UNINITIALIZED_AUTOS = YES_AGGRESSIVE;
				GCC_WARN_UNUSED_FUNCTION = YES;
				GCC_WARN_UNUSED_VARIABLE = YES;
				IPHONEOS_DEPLOYMENT_TARGET = 17.2;
				LOCALIZATION_PREFERS_STRING_CATALOGS = YES;
				MTL_ENABLE_DEBUG_INFO = INCLUDE_SOURCE;
				MTL_FAST_MATH = YES;
				ONLY_ACTIVE_ARCH = YES;
				SDKROOT = iphoneos;
				SWIFT_ACTIVE_COMPILATION_CONDITIONS = "DEBUG $(inherited)";
				SWIFT_OPTIMIZATION_LEVEL = "-Onone";
			};
			name = Debug;
		};
		CD8A267A2B851797006627BF /* Release */ = {
			isa = XCBuildConfiguration;
			buildSettings = {
				ALWAYS_SEARCH_USER_PATHS = NO;
				ASSETCATALOG_COMPILER_GENERATE_SWIFT_ASSET_SYMBOL_EXTENSIONS = YES;
				CLANG_ANALYZER_NONNULL = YES;
				CLANG_ANALYZER_NUMBER_OBJECT_CONVERSION = YES_AGGRESSIVE;
				CLANG_CXX_LANGUAGE_STANDARD = "gnu++20";
				CLANG_ENABLE_MODULES = YES;
				CLANG_ENABLE_OBJC_ARC = YES;
				CLANG_ENABLE_OBJC_WEAK = YES;
				CLANG_WARN_BLOCK_CAPTURE_AUTORELEASING = YES;
				CLANG_WARN_BOOL_CONVERSION = YES;
				CLANG_WARN_COMMA = YES;
				CLANG_WARN_CONSTANT_CONVERSION = YES;
				CLANG_WARN_DEPRECATED_OBJC_IMPLEMENTATIONS = YES;
				CLANG_WARN_DIRECT_OBJC_ISA_USAGE = YES_ERROR;
				CLANG_WARN_DOCUMENTATION_COMMENTS = YES;
				CLANG_WARN_EMPTY_BODY = YES;
				CLANG_WARN_ENUM_CONVERSION = YES;
				CLANG_WARN_INFINITE_RECURSION = YES;
				CLANG_WARN_INT_CONVERSION = YES;
				CLANG_WARN_NON_LITERAL_NULL_CONVERSION = YES;
				CLANG_WARN_OBJC_IMPLICIT_RETAIN_SELF = YES;
				CLANG_WARN_OBJC_LITERAL_CONVERSION = YES;
				CLANG_WARN_OBJC_ROOT_CLASS = YES_ERROR;
				CLANG_WARN_QUOTED_INCLUDE_IN_FRAMEWORK_HEADER = YES;
				CLANG_WARN_RANGE_LOOP_ANALYSIS = YES;
				CLANG_WARN_STRICT_PROTOTYPES = YES;
				CLANG_WARN_SUSPICIOUS_MOVE = YES;
				CLANG_WARN_UNGUARDED_AVAILABILITY = YES_AGGRESSIVE;
				CLANG_WARN_UNREACHABLE_CODE = YES;
				CLANG_WARN__DUPLICATE_METHOD_MATCH = YES;
				COPY_PHASE_STRIP = NO;
				DEBUG_INFORMATION_FORMAT = "dwarf-with-dsym";
				ENABLE_NS_ASSERTIONS = NO;
				ENABLE_STRICT_OBJC_MSGSEND = YES;
				ENABLE_USER_SCRIPT_SANDBOXING = YES;
				GCC_C_LANGUAGE_STANDARD = gnu17;
				GCC_NO_COMMON_BLOCKS = YES;
				GCC_WARN_64_TO_32_BIT_CONVERSION = YES;
				GCC_WARN_ABOUT_RETURN_TYPE = YES_ERROR;
				GCC_WARN_UNDECLARED_SELECTOR = YES;
				GCC_WARN_UNINITIALIZED_AUTOS = YES_AGGRESSIVE;
				GCC_WARN_UNUSED_FUNCTION = YES;
				GCC_WARN_UNUSED_VARIABLE = YES;
				IPHONEOS_DEPLOYMENT_TARGET = 17.2;
				LOCALIZATION_PREFERS_STRING_CATALOGS = YES;
				MTL_ENABLE_DEBUG_INFO = NO;
				MTL_FAST_MATH = YES;
				SDKROOT = iphoneos;
				SWIFT_COMPILATION_MODE = wholemodule;
				VALIDATE_PRODUCT = YES;
			};
			name = Release;
		};
		CD8A267C2B851797006627BF /* Debug */ = {
			isa = XCBuildConfiguration;
			buildSettings = {
				ASSETCATALOG_COMPILER_APPICON_NAME = AppIcon;
				ASSETCATALOG_COMPILER_GLOBAL_ACCENT_COLOR_NAME = AccentColor;
				CODE_SIGN_STYLE = Automatic;
				CURRENT_PROJECT_VERSION = 1;
				DEVELOPMENT_ASSET_PATHS = "\"f_sharp/Preview Content\"";
				ENABLE_PREVIEWS = YES;
				GENERATE_INFOPLIST_FILE = YES;
				INFOPLIST_KEY_UIApplicationSceneManifest_Generation = YES;
				INFOPLIST_KEY_UIApplicationSupportsIndirectInputEvents = YES;
				INFOPLIST_KEY_UILaunchScreen_Generation = YES;
				INFOPLIST_KEY_UISupportedInterfaceOrientations_iPad = "UIInterfaceOrientationPortrait UIInterfaceOrientationPortraitUpsideDown UIInterfaceOrientationLandscapeLeft UIInterfaceOrientationLandscapeRight";
				INFOPLIST_KEY_UISupportedInterfaceOrientations_iPhone = "UIInterfaceOrientationPortrait UIInterfaceOrientationLandscapeLeft UIInterfaceOrientationLandscapeRight";
				LD_RUNPATH_SEARCH_PATHS = (
					"$(inherited)",
					"@executable_path/Frameworks",
				);
				MARKETING_VERSION = 1.0;
				PRODUCT_BUNDLE_IDENTIFIER = "com.F-Sharp.f-sharp";
				PRODUCT_NAME = "$(TARGET_NAME)";
				SWIFT_EMIT_LOC_STRINGS = YES;
				SWIFT_VERSION = 5.0;
				TARGETED_DEVICE_FAMILY = "1,2";
			};
			name = Debug;
		};
		CD8A267D2B851797006627BF /* Release */ = {
			isa = XCBuildConfiguration;
			buildSettings = {
				ASSETCATALOG_COMPILER_APPICON_NAME = AppIcon;
				ASSETCATALOG_COMPILER_GLOBAL_ACCENT_COLOR_NAME = AccentColor;
				CODE_SIGN_STYLE = Automatic;
				CURRENT_PROJECT_VERSION = 1;
				DEVELOPMENT_ASSET_PATHS = "\"f_sharp/Preview Content\"";
				ENABLE_PREVIEWS = YES;
				GENERATE_INFOPLIST_FILE = YES;
				INFOPLIST_KEY_UIApplicationSceneManifest_Generation = YES;
				INFOPLIST_KEY_UIApplicationSupportsIndirectInputEvents = YES;
				INFOPLIST_KEY_UILaunchScreen_Generation = YES;
				INFOPLIST_KEY_UISupportedInterfaceOrientations_iPad = "UIInterfaceOrientationPortrait UIInterfaceOrientationPortraitUpsideDown UIInterfaceOrientationLandscapeLeft UIInterfaceOrientationLandscapeRight";
				INFOPLIST_KEY_UISupportedInterfaceOrientations_iPhone = "UIInterfaceOrientationPortrait UIInterfaceOrientationLandscapeLeft UIInterfaceOrientationLandscapeRight";
				LD_RUNPATH_SEARCH_PATHS = (
					"$(inherited)",
					"@executable_path/Frameworks",
				);
				MARKETING_VERSION = 1.0;
				PRODUCT_BUNDLE_IDENTIFIER = "com.F-Sharp.f-sharp";
				PRODUCT_NAME = "$(TARGET_NAME)";
				SWIFT_EMIT_LOC_STRINGS = YES;
				SWIFT_VERSION = 5.0;
				TARGETED_DEVICE_FAMILY = "1,2";
			};
			name = Release;
		};
		CD8A267F2B851797006627BF /* Debug */ = {
			isa = XCBuildConfiguration;
			buildSettings = {
				ALWAYS_EMBED_SWIFT_STANDARD_LIBRARIES = YES;
				BUNDLE_LOADER = "$(TEST_HOST)";
				CODE_SIGN_STYLE = Automatic;
				CURRENT_PROJECT_VERSION = 1;
				GENERATE_INFOPLIST_FILE = YES;
				IPHONEOS_DEPLOYMENT_TARGET = 17.2;
				MARKETING_VERSION = 1.0;
				PRODUCT_BUNDLE_IDENTIFIER = "com.F-Sharp.f-sharpTests";
				PRODUCT_NAME = "$(TARGET_NAME)";
				SWIFT_EMIT_LOC_STRINGS = NO;
				SWIFT_VERSION = 5.0;
				TARGETED_DEVICE_FAMILY = "1,2";
				TEST_HOST = "$(BUILT_PRODUCTS_DIR)/f_sharp.app/$(BUNDLE_EXECUTABLE_FOLDER_PATH)/f_sharp";
			};
			name = Debug;
		};
		CD8A26802B851797006627BF /* Release */ = {
			isa = XCBuildConfiguration;
			buildSettings = {
				ALWAYS_EMBED_SWIFT_STANDARD_LIBRARIES = YES;
				BUNDLE_LOADER = "$(TEST_HOST)";
				CODE_SIGN_STYLE = Automatic;
				CURRENT_PROJECT_VERSION = 1;
				GENERATE_INFOPLIST_FILE = YES;
				IPHONEOS_DEPLOYMENT_TARGET = 17.2;
				MARKETING_VERSION = 1.0;
				PRODUCT_BUNDLE_IDENTIFIER = "com.F-Sharp.f-sharpTests";
				PRODUCT_NAME = "$(TARGET_NAME)";
				SWIFT_EMIT_LOC_STRINGS = NO;
				SWIFT_VERSION = 5.0;
				TARGETED_DEVICE_FAMILY = "1,2";
				TEST_HOST = "$(BUILT_PRODUCTS_DIR)/f_sharp.app/$(BUNDLE_EXECUTABLE_FOLDER_PATH)/f_sharp";
			};
			name = Release;
		};
		CD8A26822B851797006627BF /* Debug */ = {
			isa = XCBuildConfiguration;
			buildSettings = {
				ALWAYS_EMBED_SWIFT_STANDARD_LIBRARIES = YES;
				CODE_SIGN_STYLE = Automatic;
				CURRENT_PROJECT_VERSION = 1;
				GENERATE_INFOPLIST_FILE = YES;
				MARKETING_VERSION = 1.0;
				PRODUCT_BUNDLE_IDENTIFIER = "com.F-Sharp.f-sharpUITests";
				PRODUCT_NAME = "$(TARGET_NAME)";
				SWIFT_EMIT_LOC_STRINGS = NO;
				SWIFT_VERSION = 5.0;
				TARGETED_DEVICE_FAMILY = "1,2";
				TEST_TARGET_NAME = f_sharp;
			};
			name = Debug;
		};
		CD8A26832B851797006627BF /* Release */ = {
			isa = XCBuildConfiguration;
			buildSettings = {
				ALWAYS_EMBED_SWIFT_STANDARD_LIBRARIES = YES;
				CODE_SIGN_STYLE = Automatic;
				CURRENT_PROJECT_VERSION = 1;
				GENERATE_INFOPLIST_FILE = YES;
				MARKETING_VERSION = 1.0;
				PRODUCT_BUNDLE_IDENTIFIER = "com.F-Sharp.f-sharpUITests";
				PRODUCT_NAME = "$(TARGET_NAME)";
				SWIFT_EMIT_LOC_STRINGS = NO;
				SWIFT_VERSION = 5.0;
				TARGETED_DEVICE_FAMILY = "1,2";
				TEST_TARGET_NAME = f_sharp;
			};
			name = Release;
		};
/* End XCBuildConfiguration section */

/* Begin XCConfigurationList section */
		CD8A26522B851794006627BF /* Build configuration list for PBXProject "f_sharp" */ = {
			isa = XCConfigurationList;
			buildConfigurations = (
				CD8A26792B851797006627BF /* Debug */,
				CD8A267A2B851797006627BF /* Release */,
			);
			defaultConfigurationIsVisible = 0;
			defaultConfigurationName = Release;
		};
		CD8A267B2B851797006627BF /* Build configuration list for PBXNativeTarget "f_sharp" */ = {
			isa = XCConfigurationList;
			buildConfigurations = (
				CD8A267C2B851797006627BF /* Debug */,
				CD8A267D2B851797006627BF /* Release */,
			);
			defaultConfigurationIsVisible = 0;
			defaultConfigurationName = Release;
		};
		CD8A267E2B851797006627BF /* Build configuration list for PBXNativeTarget "f_sharpTests" */ = {
			isa = XCConfigurationList;
			buildConfigurations = (
				CD8A267F2B851797006627BF /* Debug */,
				CD8A26802B851797006627BF /* Release */,
			);
			defaultConfigurationIsVisible = 0;
			defaultConfigurationName = Release;
		};
		CD8A26812B851797006627BF /* Build configuration list for PBXNativeTarget "f_sharpUITests" */ = {
			isa = XCConfigurationList;
			buildConfigurations = (
				CD8A26822B851797006627BF /* Debug */,
				CD8A26832B851797006627BF /* Release */,
			);
			defaultConfigurationIsVisible = 0;
			defaultConfigurationName = Release;
		};
/* End XCConfigurationList section */

/* Begin XCRemoteSwiftPackageReference section */
		CD1F9B702B93352900186442 /* XCRemoteSwiftPackageReference "pure-swift-ui" */ = {
			isa = XCRemoteSwiftPackageReference;
			repositoryURL = "https://github.com/CodeSlicing/pure-swift-ui";
			requirement = {
				kind = upToNextMajorVersion;
				minimumVersion = 3.1.0;
			};
		};
		CDE6361C2B86C79100D383B0 /* XCRemoteSwiftPackageReference "SwiftSVG" */ = {
			isa = XCRemoteSwiftPackageReference;
			repositoryURL = "https://github.com/mchoe/SwiftSVG.git";
			requirement = {
				branch = master;
				kind = branch;
			};
		};
/* End XCRemoteSwiftPackageReference section */

/* Begin XCSwiftPackageProductDependency section */
		CD1F9B712B93352900186442 /* PureSwiftUI */ = {
			isa = XCSwiftPackageProductDependency;
			package = CD1F9B702B93352900186442 /* XCRemoteSwiftPackageReference "pure-swift-ui" */;
			productName = PureSwiftUI;
		};
		CDE6361D2B86C79100D383B0 /* SwiftSVG */ = {
			isa = XCSwiftPackageProductDependency;
			package = CDE6361C2B86C79100D383B0 /* XCRemoteSwiftPackageReference "SwiftSVG" */;
			productName = SwiftSVG;
		};
/* End XCSwiftPackageProductDependency section */
	};
	rootObject = CD8A264F2B851794006627BF /* Project object */;
}
